
Microsoft Visual Studio Solution File, Format Version 12.00
# Visual Studio Version 17
VisualStudioVersion = 17.8.34408.163
MinimumVisualStudioVersion = 10.0.40219.1
Project("{FAE04EC0-301F-11D3-BF4B-00C04F79EFBC}") = "EjerciciosDeArreglos", "EjerciciosDeArreglos\EjerciciosDeArreglos.csproj", "{0F51C06F-FFB3-4C3F-B352-FEC7059DBF91}"
EndProject
Global
	GlobalSection(SolutionConfigurationPlatforms) = preSolution
		Debug|Any CPU = Debug|Any CPU
		Release|Any CPU = Release|Any CPU
	EndGlobalSection
	GlobalSection(ProjectConfigurationPlatforms) = postSolution
		{0F51C06F-FFB3-4C3F-B352-FEC7059DBF91}.Debug|Any CPU.ActiveCfg = Debug|Any CPU
		{0F51C06F-FFB3-4C3F-B352-FEC7059DBF91}.Debug|Any CPU.Build.0 = Debug|Any CPU
		{0F51C06F-FFB3-4C3F-B352-FEC7059DBF91}.Release|Any CPU.ActiveCfg = Release|Any CPU
		{0F51C06F-FFB3-4C3F-B352-FEC7059DBF91}.Release|Any CPU.Build.0 = Release|Any CPU
	EndGlobalSection
	GlobalSection(SolutionProperties) = preSolution
		HideSolutionNode = FALSE
	EndGlobalSection
	GlobalSection(ExtensibilityGlobals) = postSolution
		SolutionGuid = {16CBD2AE-21BB-4208-B497-03CBDBFEF06D}
	EndGlobalSection
EndGlobal
